// !$*UTF8*$!
{
	archiveVersion = 1;
	classes = {
	};
	objectVersion = 46;
	objects = {

/* Begin PBXBuildFile section */
		842188751B667C31000D3BE6 /* AddFeedController.swift in Sources */ = {isa = PBXBuildFile; fileRef = 842188741B667C31000D3BE6 /* AddFeedController.swift */; };
		84B478041B645C2900548095 /* AppDelegate.swift in Sources */ = {isa = PBXBuildFile; fileRef = 84B478031B645C2900548095 /* AppDelegate.swift */; };
		84B478081B645C2900548095 /* DetailViewController.swift in Sources */ = {isa = PBXBuildFile; fileRef = 84B478071B645C2900548095 /* DetailViewController.swift */; };
		84B4780B1B645C2900548095 /* Main.storyboard in Resources */ = {isa = PBXBuildFile; fileRef = 84B478091B645C2900548095 /* Main.storyboard */; };
		84B4780D1B645C2900548095 /* Images.xcassets in Resources */ = {isa = PBXBuildFile; fileRef = 84B4780C1B645C2900548095 /* Images.xcassets */; };
		84B478101B645C2900548095 /* LaunchScreen.xib in Resources */ = {isa = PBXBuildFile; fileRef = 84B4780E1B645C2900548095 /* LaunchScreen.xib */; };
		84B478261B645D6B00548095 /* libsqlite3.dylib in Frameworks */ = {isa = PBXBuildFile; fileRef = 84B478251B645D6B00548095 /* libsqlite3.dylib */; };
		84B4782F1B645DF900548095 /* BWCRUD.m in Sources */ = {isa = PBXBuildFile; fileRef = 84B478291B645DF900548095 /* BWCRUD.m */; };
		84B478301B645DF900548095 /* BWDB.m in Sources */ = {isa = PBXBuildFile; fileRef = 84B4782B1B645DF900548095 /* BWDB.m */; };
		84B478311B645DF900548095 /* Extensions.swift in Sources */ = {isa = PBXBuildFile; fileRef = 84B4782C1B645DF900548095 /* Extensions.swift */; };
		84B478321B645DF900548095 /* RSSDB.m in Sources */ = {isa = PBXBuildFile; fileRef = 84B4782E1B645DF900548095 /* RSSDB.m */; };
		84B478351B645E9C00548095 /* FeedsViewController.swift in Sources */ = {isa = PBXBuildFile; fileRef = 84B478341B645E9C00548095 /* FeedsViewController.swift */; };
		84B478391B64682100548095 /* ItemsViewController.swift in Sources */ = {isa = PBXBuildFile; fileRef = 84B478381B64682100548095 /* ItemsViewController.swift */; };
		84B4783B1B646B1300548095 /* LoadItems.swift in Sources */ = {isa = PBXBuildFile; fileRef = 84B4783A1B646B1300548095 /* LoadItems.swift */; };
		84B4783D1B646B3500548095 /* Utilities.swift in Sources */ = {isa = PBXBuildFile; fileRef = 84B4783C1B646B3500548095 /* Utilities.swift */; };
/* End PBXBuildFile section */

/* Begin PBXFileReference section */
		842188741B667C31000D3BE6 /* AddFeedController.swift */ = {isa = PBXFileReference; fileEncoding = 4; lastKnownFileType = sourcecode.swift; path = AddFeedController.swift; sourceTree = "<group>"; };
		84B477FE1B645C2900548095 /* RSS Feed.app */ = {isa = PBXFileReference; explicitFileType = wrapper.application; includeInIndex = 0; path = "RSS Feed.app"; sourceTree = BUILT_PRODUCTS_DIR; };
		84B478021B645C2900548095 /* Info.plist */ = {isa = PBXFileReference; lastKnownFileType = text.plist.xml; path = Info.plist; sourceTree = "<group>"; };
		84B478031B645C2900548095 /* AppDelegate.swift */ = {isa = PBXFileReference; lastKnownFileType = sourcecode.swift; path = AppDelegate.swift; sourceTree = "<group>"; };
		84B478071B645C2900548095 /* DetailViewController.swift */ = {isa = PBXFileReference; lastKnownFileType = sourcecode.swift; path = DetailViewController.swift; sourceTree = "<group>"; };
		84B4780A1B645C2900548095 /* Base */ = {isa = PBXFileReference; lastKnownFileType = file.storyboard; name = Base; path = Base.lproj/Main.storyboard; sourceTree = "<group>"; };
		84B4780C1B645C2900548095 /* Images.xcassets */ = {isa = PBXFileReference; lastKnownFileType = folder.assetcatalog; path = Images.xcassets; sourceTree = "<group>"; };
		84B4780F1B645C2900548095 /* Base */ = {isa = PBXFileReference; lastKnownFileType = file.xib; name = Base; path = Base.lproj/LaunchScreen.xib; sourceTree = "<group>"; };
		84B478251B645D6B00548095 /* libsqlite3.dylib */ = {isa = PBXFileReference; lastKnownFileType = "compiled.mach-o.dylib"; name = libsqlite3.dylib; path = usr/lib/libsqlite3.dylib; sourceTree = SDKROOT; };
		84B478271B645DF800548095 /* RSS Feed-Bridging-Header.h */ = {isa = PBXFileReference; lastKnownFileType = sourcecode.c.h; path = "RSS Feed-Bridging-Header.h"; sourceTree = "<group>"; };
		84B478281B645DF900548095 /* BWCRUD.h */ = {isa = PBXFileReference; fileEncoding = 4; lastKnownFileType = sourcecode.c.h; path = BWCRUD.h; sourceTree = "<group>"; };
		84B478291B645DF900548095 /* BWCRUD.m */ = {isa = PBXFileReference; fileEncoding = 4; lastKnownFileType = sourcecode.c.objc; path = BWCRUD.m; sourceTree = "<group>"; };
		84B4782A1B645DF900548095 /* BWDB.h */ = {isa = PBXFileReference; fileEncoding = 4; lastKnownFileType = sourcecode.c.h; path = BWDB.h; sourceTree = "<group>"; };
		84B4782B1B645DF900548095 /* BWDB.m */ = {isa = PBXFileReference; fileEncoding = 4; lastKnownFileType = sourcecode.c.objc; path = BWDB.m; sourceTree = "<group>"; };
		84B4782C1B645DF900548095 /* Extensions.swift */ = {isa = PBXFileReference; fileEncoding = 4; lastKnownFileType = sourcecode.swift; path = Extensions.swift; sourceTree = "<group>"; };
		84B4782D1B645DF900548095 /* RSSDB.h */ = {isa = PBXFileReference; fileEncoding = 4; lastKnownFileType = sourcecode.c.h; path = RSSDB.h; sourceTree = "<group>"; };
		84B4782E1B645DF900548095 /* RSSDB.m */ = {isa = PBXFileReference; fileEncoding = 4; lastKnownFileType = sourcecode.c.objc; path = RSSDB.m; sourceTree = "<group>"; };
		84B478341B645E9C00548095 /* FeedsViewController.swift */ = {isa = PBXFileReference; fileEncoding = 4; lastKnownFileType = sourcecode.swift; path = FeedsViewController.swift; sourceTree = "<group>"; };
		84B478381B64682100548095 /* ItemsViewController.swift */ = {isa = PBXFileReference; fileEncoding = 4; lastKnownFileType = sourcecode.swift; path = ItemsViewController.swift; sourceTree = "<group>"; };
		84B4783A1B646B1300548095 /* LoadItems.swift */ = {isa = PBXFileReference; fileEncoding = 4; lastKnownFileType = sourcecode.swift; path = LoadItems.swift; sourceTree = "<group>"; };
		84B4783C1B646B3500548095 /* Utilities.swift */ = {isa = PBXFileReference; fileEncoding = 4; lastKnownFileType = sourcecode.swift; path = Utilities.swift; sourceTree = "<group>"; };
/* End PBXFileReference section */

/* Begin PBXFrameworksBuildPhase section */
		84B477FB1B645C2900548095 /* Frameworks */ = {
			isa = PBXFrameworksBuildPhase;
			buildActionMask = 2147483647;
			files = (
				84B478261B645D6B00548095 /* libsqlite3.dylib in Frameworks */,
			);
			runOnlyForDeploymentPostprocessing = 0;
		};
/* End PBXFrameworksBuildPhase section */

/* Begin PBXGroup section */
		84B477F51B645C2900548095 = {
			isa = PBXGroup;
			children = (
				84B478001B645C2900548095 /* RSS Feed */,
				84B477FF1B645C2900548095 /* Products */,
			);
			sourceTree = "<group>";
		};
		84B477FF1B645C2900548095 /* Products */ = {
			isa = PBXGroup;
			children = (
				84B477FE1B645C2900548095 /* RSS Feed.app */,
			);
			name = Products;
			sourceTree = "<group>";
		};
		84B478001B645C2900548095 /* RSS Feed */ = {
			isa = PBXGroup;
			children = (
				84B478331B645E1700548095 /* BWDB */,
				84B478031B645C2900548095 /* AppDelegate.swift */,
				84B478341B645E9C00548095 /* FeedsViewController.swift */,
				84B478071B645C2900548095 /* DetailViewController.swift */,
				84B478381B64682100548095 /* ItemsViewController.swift */,
				842188741B667C31000D3BE6 /* AddFeedController.swift */,
				84B4783A1B646B1300548095 /* LoadItems.swift */,
				84B4783C1B646B3500548095 /* Utilities.swift */,
				84B478011B645C2900548095 /* Supporting Files */,
			);
			path = "RSS Feed";
			sourceTree = "<group>";
		};
		84B478011B645C2900548095 /* Supporting Files */ = {
			isa = PBXGroup;
			children = (
				84B478091B645C2900548095 /* Main.storyboard */,
				84B4780C1B645C2900548095 /* Images.xcassets */,
				84B4780E1B645C2900548095 /* LaunchScreen.xib */,
				84B478251B645D6B00548095 /* libsqlite3.dylib */,
				84B478271B645DF800548095 /* RSS Feed-Bridging-Header.h */,
				84B478021B645C2900548095 /* Info.plist */,
			);
			name = "Supporting Files";
			sourceTree = "<group>";
		};
		84B478331B645E1700548095 /* BWDB */ = {
			isa = PBXGroup;
			children = (
				84B478281B645DF900548095 /* BWCRUD.h */,
				84B478291B645DF900548095 /* BWCRUD.m */,
				84B4782A1B645DF900548095 /* BWDB.h */,
				84B4782B1B645DF900548095 /* BWDB.m */,
				84B4782C1B645DF900548095 /* Extensions.swift */,
				84B4782D1B645DF900548095 /* RSSDB.h */,
				84B4782E1B645DF900548095 /* RSSDB.m */,
			);
			name = BWDB;
			sourceTree = "<group>";
		};
/* End PBXGroup section */

/* Begin PBXNativeTarget section */
		84B477FD1B645C2900548095 /* RSS Feed */ = {
			isa = PBXNativeTarget;
			buildConfigurationList = 84B4781F1B645C2900548095 /* Build configuration list for PBXNativeTarget "RSS Feed" */;
			buildPhases = (
				84B477FA1B645C2900548095 /* Sources */,
				84B477FB1B645C2900548095 /* Frameworks */,
				84B477FC1B645C2900548095 /* Resources */,
			);
			buildRules = (
			);
			dependencies = (
			);
			name = "RSS Feed";
			productName = "RSS Feed";
			productReference = 84B477FE1B645C2900548095 /* RSS Feed.app */;
			productType = "com.apple.product-type.application";
		};
/* End PBXNativeTarget section */

/* Begin PBXProject section */
		84B477F61B645C2900548095 /* Project object */ = {
			isa = PBXProject;
			attributes = {
				LastUpgradeCheck = 0640;
				ORGANIZATIONNAME = enrique7mc;
				TargetAttributes = {
					84B477FD1B645C2900548095 = {
						CreatedOnToolsVersion = 6.4;
					};
				};
			};
			buildConfigurationList = 84B477F91B645C2900548095 /* Build configuration list for PBXProject "RSS Feed" */;
			compatibilityVersion = "Xcode 3.2";
			developmentRegion = English;
			hasScannedForEncodings = 0;
			knownRegions = (
				en,
				Base,
			);
			mainGroup = 84B477F51B645C2900548095;
			productRefGroup = 84B477FF1B645C2900548095 /* Products */;
			projectDirPath = "";
			projectRoot = "";
			targets = (
				84B477FD1B645C2900548095 /* RSS Feed */,
			);
		};
/* End PBXProject section */

/* Begin PBXResourcesBuildPhase section */
		84B477FC1B645C2900548095 /* Resources */ = {
			isa = PBXResourcesBuildPhase;
			buildActionMask = 2147483647;
			files = (
				84B4780B1B645C2900548095 /* Main.storyboard in Resources */,
				84B478101B645C2900548095 /* LaunchScreen.xib in Resources */,
				84B4780D1B645C2900548095 /* Images.xcassets in Resources */,
			);
			runOnlyForDeploymentPostprocessing = 0;
		};
/* End PBXResourcesBuildPhase section */

/* Begin PBXSourcesBuildPhase section */
		84B477FA1B645C2900548095 /* Sources */ = {
			isa = PBXSourcesBuildPhase;
			buildActionMask = 2147483647;
			files = (
				84B478301B645DF900548095 /* BWDB.m in Sources */,
				84B478311B645DF900548095 /* Extensions.swift in Sources */,
				84B478351B645E9C00548095 /* FeedsViewController.swift in Sources */,
				84B478321B645DF900548095 /* RSSDB.m in Sources */,
				84B478081B645C2900548095 /* DetailViewController.swift in Sources */,
				84B478391B64682100548095 /* ItemsViewController.swift in Sources */,
				84B4782F1B645DF900548095 /* BWCRUD.m in Sources */,
				842188751B667C31000D3BE6 /* AddFeedController.swift in Sources */,
				84B478041B645C2900548095 /* AppDelegate.swift in Sources */,
				84B4783D1B646B3500548095 /* Utilities.swift in Sources */,
				84B4783B1B646B1300548095 /* LoadItems.swift in Sources */,
			);
			runOnlyForDeploymentPostprocessing = 0;
		};
/* End PBXSourcesBuildPhase section */

/* Begin PBXVariantGroup section */
		84B478091B645C2900548095 /* Main.storyboard */ = {
			isa = PBXVariantGroup;
			children = (
				84B4780A1B645C2900548095 /* Base */,
			);
			name = Main.storyboard;
			sourceTree = "<group>";
		};
		84B4780E1B645C2900548095 /* LaunchScreen.xib */ = {
			isa = PBXVariantGroup;
			children = (
				84B4780F1B645C2900548095 /* Base */,
			);
			name = LaunchScreen.xib;
			sourceTree = "<group>";
		};
/* End PBXVariantGroup section */

/* Begin XCBuildConfiguration section */
		84B4781D1B645C2900548095 /* Debug */ = {
			isa = XCBuildConfiguration;
			buildSettings = {
				ALWAYS_SEARCH_USER_PATHS = NO;
				CLANG_CXX_LANGUAGE_STANDARD = "gnu++0x";
				CLANG_CXX_LIBRARY = "libc++";
				CLANG_ENABLE_MODULES = YES;
				CLANG_ENABLE_OBJC_ARC = YES;
				CLANG_WARN_BOOL_CONVERSION = YES;
				CLANG_WARN_CONSTANT_CONVERSION = YES;
				CLANG_WARN_DIRECT_OBJC_ISA_USAGE = YES_ERROR;
				CLANG_WARN_EMPTY_BODY = YES;
				CLANG_WARN_ENUM_CONVERSION = YES;
				CLANG_WARN_INT_CONVERSION = YES;
				CLANG_WARN_OBJC_ROOT_CLASS = YES_ERROR;
				CLANG_WARN_UNREACHABLE_CODE = YES;
				CLANG_WARN__DUPLICATE_METHOD_MATCH = YES;
				"CODE_SIGN_IDENTITY[sdk=iphoneos*]" = "iPhone Developer";
				COPY_PHASE_STRIP = NO;
				DEBUG_INFORMATION_FORMAT = "dwarf-with-dsym";
				ENABLE_STRICT_OBJC_MSGSEND = YES;
				GCC_C_LANGUAGE_STANDARD = gnu99;
				GCC_DYNAMIC_NO_PIC = NO;
				GCC_NO_COMMON_BLOCKS = YES;
				GCC_OPTIMIZATION_LEVEL = 0;
				GCC_PREPROCESSOR_DEFINITIONS = (
					"DEBUG=1",
					"$(inherited)",
				);
				GCC_SYMBOLS_PRIVATE_EXTERN = NO;
				GCC_WARN_64_TO_32_BIT_CONVERSION = YES;
				GCC_WARN_ABOUT_RETURN_TYPE = YES_ERROR;
				GCC_WARN_UNDECLARED_SELECTOR = YES;
				GCC_WARN_UNINITIALIZED_AUTOS = YES_AGGRESSIVE;
				GCC_WARN_UNUSED_FUNCTION = YES;
				GCC_WARN_UNUSED_VARIABLE = YES;
				IPHONEOS_DEPLOYMENT_TARGET = 8.4;
				MTL_ENABLE_DEBUG_INFO = YES;
				ONLY_ACTIVE_ARCH = YES;
				SDKROOT = iphoneos;
				SWIFT_OPTIMIZATION_LEVEL = "-Onone";
				TARGETED_DEVICE_FAMILY = "1,2";
			};
			name = Debug;
		};
		84B4781E1B645C2900548095 /* Release */ = {
			isa = XCBuildConfiguration;
			buildSettings = {
				ALWAYS_SEARCH_USER_PATHS = NO;
				CLANG_CXX_LANGUAGE_STANDARD = "gnu++0x";
				CLANG_CXX_LIBRARY = "libc++";
				CLANG_ENABLE_MODULES = YES;
				CLANG_ENABLE_OBJC_ARC = YES;
				CLANG_WARN_BOOL_CONVERSION = YES;
				CLANG_WARN_CONSTANT_CONVERSION = YES;
				CLANG_WARN_DIRECT_OBJC_ISA_USAGE = YES_ERROR;
				CLANG_WARN_EMPTY_BODY = YES;
				CLANG_WARN_ENUM_CONVERSION = YES;
				CLANG_WARN_INT_CONVERSION = YES;
				CLANG_WARN_OBJC_ROOT_CLASS = YES_ERROR;
				CLANG_WARN_UNREACHABLE_CODE = YES;
				CLANG_WARN__DUPLICATE_METHOD_MATCH = YES;
				"CODE_SIGN_IDENTITY[sdk=iphoneos*]" = "iPhone Developer";
				COPY_PHASE_STRIP = NO;
				DEBUG_INFORMATION_FORMAT = "dwarf-with-dsym";
				ENABLE_NS_ASSERTIONS = NO;
				ENABLE_STRICT_OBJC_MSGSEND = YES;
				GCC_C_LANGUAGE_STANDARD = gnu99;
				GCC_NO_COMMON_BLOCKS = YES;
				GCC_WARN_64_TO_32_BIT_CONVERSION = YES;
				GCC_WARN_ABOUT_RETURN_TYPE = YES_ERROR;
				GCC_WARN_UNDECLARED_SELECTOR = YES;
				GCC_WARN_UNINITIALIZED_AUTOS = YES_AGGRESSIVE;
				GCC_WARN_UNUSED_FUNCTION = YES;
				GCC_WARN_UNUSED_VARIABLE = YES;
				IPHONEOS_DEPLOYMENT_TARGET = 8.4;
				MTL_ENABLE_DEBUG_INFO = NO;
				SDKROOT = iphoneos;
				TARGETED_DEVICE_FAMILY = "1,2";
				VALIDATE_PRODUCT = YES;
			};
			name = Release;
		};
		84B478201B645C2900548095 /* Debug */ = {
			isa = XCBuildConfiguration;
			buildSettings = {
				ASSETCATALOG_COMPILER_APPICON_NAME = AppIcon;
				CLANG_ENABLE_MODULES = YES;
				INFOPLIST_FILE = "RSS Feed/Info.plist";
				LD_RUNPATH_SEARCH_PATHS = "$(inherited) @executable_path/Frameworks";
				PRODUCT_NAME = "$(TARGET_NAME)";
				SWIFT_OBJC_BRIDGING_HEADER = "RSS Feed/RSS Feed-Bridging-Header.h";
				SWIFT_OPTIMIZATION_LEVEL = "-Onone";
			};
			name = Debug;
		};
		84B478211B645C2900548095 /* Release */ = {
			isa = XCBuildConfiguration;
			buildSettings = {
				ASSETCATALOG_COMPILER_APPICON_NAME = AppIcon;
				CLANG_ENABLE_MODULES = YES;
				INFOPLIST_FILE = "RSS Feed/Info.plist";
				LD_RUNPATH_SEARCH_PATHS = "$(inherited) @executable_path/Frameworks";
				PRODUCT_NAME = "$(TARGET_NAME)";
				SWIFT_OBJC_BRIDGING_HEADER = "RSS Feed/RSS Feed-Bridging-Header.h";
			};
			name = Release;
		};
/* End XCBuildConfiguration section */

/* Begin XCConfigurationList section */
		84B477F91B645C2900548095 /* Build configuration list for PBXProject "RSS Feed" */ = {
			isa = XCConfigurationList;
			buildConfigurations = (
				84B4781D1B645C2900548095 /* Debug */,
				84B4781E1B645C2900548095 /* Release */,
			);
			defaultConfigurationIsVisible = 0;
			defaultConfigurationName = Release;
		};
		84B4781F1B645C2900548095 /* Build configuration list for PBXNativeTarget "RSS Feed" */ = {
			isa = XCConfigurationList;
			buildConfigurations = (
				84B478201B645C2900548095 /* Debug */,
				84B478211B645C2900548095 /* Release */,
			);
			defaultConfigurationIsVisible = 0;
			defaultConfigurationName = Release;
		};
/* End XCConfigurationList section */
	};
	rootObject = 84B477F61B645C2900548095 /* Project object */;
}
